
Microsoft Visual Studio Solution File, Format Version 12.00
# Visual Studio Version 17
VisualStudioVersion = 17.11.35222.181
MinimumVisualStudioVersion = 10.0.40219.1
Project("{FAE04EC0-301F-11D3-BF4B-00C04F79EFBC}") = "StudentPortal.Web", "StudentPortal.Web\StudentPortal.Web.csproj", "{6C755407-4444-415F-B754-6EC1A8791016}"
EndProject
Global
	GlobalSection(SolutionConfigurationPlatforms) = preSolution
		Debug|Any CPU = Debug|Any CPU
		Release|Any CPU = Release|Any CPU
	EndGlobalSection
	GlobalSection(ProjectConfigurationPlatforms) = postSolution
		{6C755407-4444-415F-B754-6EC1A8791016}.Debug|Any CPU.ActiveCfg = Debug|Any CPU
		{6C755407-4444-415F-B754-6EC1A8791016}.Debug|Any CPU.Build.0 = Debug|Any CPU
		{6C755407-4444-415F-B754-6EC1A8791016}.Release|Any CPU.ActiveCfg = Release|Any CPU
		{6C755407-4444-415F-B754-6EC1A8791016}.Release|Any CPU.Build.0 = Release|Any CPU
	EndGlobalSection
	GlobalSection(SolutionProperties) = preSolution
		HideSolutionNode = FALSE
	EndGlobalSection
	GlobalSection(ExtensibilityGlobals) = postSolution
		SolutionGuid = {82F1FF39-1825-4D3A-B01A-751C0F9AD7A2}
	EndGlobalSection
EndGlobal
